
Microsoft Visual Studio Solution File, Format Version 12.00
# Visual Studio Version 17
VisualStudioVersion = 17.7.34024.191
MinimumVisualStudioVersion = 10.0.40219.1
Project("{9A19103F-16F7-4668-BE54-9A1E7A4F7556}") = "Host.CamAI.API", "Host.CamAI.API\Host.CamAI.API.csproj", "{5312DBE5-5F94-4DBA-B3CC-A4C57E0AE658}"
EndProject
Project("{9A19103F-16F7-4668-BE54-9A1E7A4F7556}") = "Core.Domain", "Core.Domain\Core.Domain.csproj", "{ED048DD3-2718-415C-B72B-9C73E97C3668}"
EndProject
Project("{9A19103F-16F7-4668-BE54-9A1E7A4F7556}") = "Core.Application", "Core.Application\Core.Application.csproj", "{EE9089C9-0301-4370-8E87-2F8FC1FBF668}"
EndProject
Project("{9A19103F-16F7-4668-BE54-9A1E7A4F7556}") = "Infrastructure.Repositories", "Infrastructure.Repositories\Infrastructure.Repositories.csproj", "{9CC96C1A-3B42-4F58-9DFF-2660B82739DF}"
EndProject
Project("{9A19103F-16F7-4668-BE54-9A1E7A4F7556}") = "Infrastructure.Jwt", "Infrastructure.Jwt\Infrastructure.Jwt.csproj", "{07E5C834-34A7-4C24-9D7C-50F1672EDE59}"
EndProject
Project("{9A19103F-16F7-4668-BE54-9A1E7A4F7556}") = "Infrastructure.Logging", "Infrastructure.Logging\Infrastructure.Logging.csproj", "{A8599529-2D7D-41EA-AA72-A4A96CA6EF4B}"
EndProject
Project("{9A19103F-16F7-4668-BE54-9A1E7A4F7556}") = "Infrastructure.Mapping", "Infrastructure.Mapping\Infrastructure.Mapping.csproj", "{66874907-D23A-4761-8785-4FF09CBCF7AB}"
EndProject
Project("{9A19103F-16F7-4668-BE54-9A1E7A4F7556}") = "Infrastructure.MessageQueue", "Infrastructure.MessageQueue\Infrastructure.MessageQueue.csproj", "{17969785-5643-47F8-A20F-09DB5DEDF241}"
EndProject
Project("{9A19103F-16F7-4668-BE54-9A1E7A4F7556}") = "Infrastructure.Notification", "Infrastructure.Notification\Infrastructure.Notification.csproj", "{16FE6496-FB03-4027-B41E-01EA14847115}"
EndProject
Project("{FAE04EC0-301F-11D3-BF4B-00C04F79EFBC}") = "Infrastructure.Observer", "Infrastructure.Observer\Infrastructure.Observer.csproj", "{98278FAB-B5EC-4002-8A8A-25D80B84F2E6}"
EndProject
Global
	GlobalSection(SolutionConfigurationPlatforms) = preSolution
		Debug|Any CPU = Debug|Any CPU
		Release|Any CPU = Release|Any CPU
	EndGlobalSection
	GlobalSection(ProjectConfigurationPlatforms) = postSolution
		{5312DBE5-5F94-4DBA-B3CC-A4C57E0AE658}.Debug|Any CPU.ActiveCfg = Debug|Any CPU
		{5312DBE5-5F94-4DBA-B3CC-A4C57E0AE658}.Debug|Any CPU.Build.0 = Debug|Any CPU
		{5312DBE5-5F94-4DBA-B3CC-A4C57E0AE658}.Release|Any CPU.ActiveCfg = Release|Any CPU
		{5312DBE5-5F94-4DBA-B3CC-A4C57E0AE658}.Release|Any CPU.Build.0 = Release|Any CPU
		{ED048DD3-2718-415C-B72B-9C73E97C3668}.Debug|Any CPU.ActiveCfg = Debug|Any CPU
		{ED048DD3-2718-415C-B72B-9C73E97C3668}.Debug|Any CPU.Build.0 = Debug|Any CPU
		{ED048DD3-2718-415C-B72B-9C73E97C3668}.Release|Any CPU.ActiveCfg = Release|Any CPU
		{ED048DD3-2718-415C-B72B-9C73E97C3668}.Release|Any CPU.Build.0 = Release|Any CPU
		{EE9089C9-0301-4370-8E87-2F8FC1FBF668}.Debug|Any CPU.ActiveCfg = Debug|Any CPU
		{EE9089C9-0301-4370-8E87-2F8FC1FBF668}.Debug|Any CPU.Build.0 = Debug|Any CPU
		{EE9089C9-0301-4370-8E87-2F8FC1FBF668}.Release|Any CPU.ActiveCfg = Release|Any CPU
		{EE9089C9-0301-4370-8E87-2F8FC1FBF668}.Release|Any CPU.Build.0 = Release|Any CPU
		{9CC96C1A-3B42-4F58-9DFF-2660B82739DF}.Debug|Any CPU.ActiveCfg = Debug|Any CPU
		{9CC96C1A-3B42-4F58-9DFF-2660B82739DF}.Debug|Any CPU.Build.0 = Debug|Any CPU
		{9CC96C1A-3B42-4F58-9DFF-2660B82739DF}.Release|Any CPU.ActiveCfg = Release|Any CPU
		{9CC96C1A-3B42-4F58-9DFF-2660B82739DF}.Release|Any CPU.Build.0 = Release|Any CPU
		{07E5C834-34A7-4C24-9D7C-50F1672EDE59}.Debug|Any CPU.ActiveCfg = Debug|Any CPU
		{07E5C834-34A7-4C24-9D7C-50F1672EDE59}.Debug|Any CPU.Build.0 = Debug|Any CPU
		{07E5C834-34A7-4C24-9D7C-50F1672EDE59}.Release|Any CPU.ActiveCfg = Release|Any CPU
		{07E5C834-34A7-4C24-9D7C-50F1672EDE59}.Release|Any CPU.Build.0 = Release|Any CPU
		{A8599529-2D7D-41EA-AA72-A4A96CA6EF4B}.Debug|Any CPU.ActiveCfg = Debug|Any CPU
		{A8599529-2D7D-41EA-AA72-A4A96CA6EF4B}.Debug|Any CPU.Build.0 = Debug|Any CPU
		{A8599529-2D7D-41EA-AA72-A4A96CA6EF4B}.Release|Any CPU.ActiveCfg = Release|Any CPU
		{A8599529-2D7D-41EA-AA72-A4A96CA6EF4B}.Release|Any CPU.Build.0 = Release|Any CPU
		{66874907-D23A-4761-8785-4FF09CBCF7AB}.Debug|Any CPU.ActiveCfg = Debug|Any CPU
		{66874907-D23A-4761-8785-4FF09CBCF7AB}.Debug|Any CPU.Build.0 = Debug|Any CPU
		{66874907-D23A-4761-8785-4FF09CBCF7AB}.Release|Any CPU.ActiveCfg = Release|Any CPU
		{66874907-D23A-4761-8785-4FF09CBCF7AB}.Release|Any CPU.Build.0 = Release|Any CPU
		{17969785-5643-47F8-A20F-09DB5DEDF241}.Debug|Any CPU.ActiveCfg = Debug|Any CPU
		{17969785-5643-47F8-A20F-09DB5DEDF241}.Debug|Any CPU.Build.0 = Debug|Any CPU
		{17969785-5643-47F8-A20F-09DB5DEDF241}.Release|Any CPU.ActiveCfg = Release|Any CPU
		{17969785-5643-47F8-A20F-09DB5DEDF241}.Release|Any CPU.Build.0 = Release|Any CPU
		{16FE6496-FB03-4027-B41E-01EA14847115}.Debug|Any CPU.ActiveCfg = Debug|Any CPU
		{16FE6496-FB03-4027-B41E-01EA14847115}.Debug|Any CPU.Build.0 = Debug|Any CPU
		{16FE6496-FB03-4027-B41E-01EA14847115}.Release|Any CPU.ActiveCfg = Release|Any CPU
		{16FE6496-FB03-4027-B41E-01EA14847115}.Release|Any CPU.Build.0 = Release|Any CPU
		{98278FAB-B5EC-4002-8A8A-25D80B84F2E6}.Debug|Any CPU.ActiveCfg = Debug|Any CPU
		{98278FAB-B5EC-4002-8A8A-25D80B84F2E6}.Debug|Any CPU.Build.0 = Debug|Any CPU
		{98278FAB-B5EC-4002-8A8A-25D80B84F2E6}.Release|Any CPU.ActiveCfg = Release|Any CPU
		{98278FAB-B5EC-4002-8A8A-25D80B84F2E6}.Release|Any CPU.Build.0 = Release|Any CPU
	EndGlobalSection
	GlobalSection(SolutionProperties) = preSolution
		HideSolutionNode = FALSE
	EndGlobalSection
	GlobalSection(ExtensibilityGlobals) = postSolution
		SolutionGuid = {2B457EE3-B8DB-4C93-B833-87772D34BADD}
	EndGlobalSection
EndGlobal
