
Microsoft Visual Studio Solution File, Format Version 12.00
# Visual Studio Version 17
VisualStudioVersion = 17.7.34024.191
MinimumVisualStudioVersion = 10.0.40219.1
Project("{2150E333-8FDC-42A3-9474-1A3956D46DE8}") = "src", "src", "{2EA3418E-6A29-4DA0-A7D9-996F53DE8B0F}"
EndProject
Project("{9A19103F-16F7-4668-BE54-9A1E7A4F7556}") = "Host.CamAI.API", "Host.CamAI.API\Host.CamAI.API.csproj", "{5312DBE5-5F94-4DBA-B3CC-A4C57E0AE658}"
EndProject
Project("{9A19103F-16F7-4668-BE54-9A1E7A4F7556}") = "Core.Domain", "Core.Domain\Core.Domain.csproj", "{ED048DD3-2718-415C-B72B-9C73E97C3668}"
EndProject
Project("{9A19103F-16F7-4668-BE54-9A1E7A4F7556}") = "Core.Application", "Core.Application\Core.Application.csproj", "{EE9089C9-0301-4370-8E87-2F8FC1FBF668}"
EndProject
Project("{9A19103F-16F7-4668-BE54-9A1E7A4F7556}") = "Infrastructure.Repositories", "Infrastructure.Repositories\Infrastructure.Repositories.csproj", "{9CC96C1A-3B42-4F58-9DFF-2660B82739DF}"
EndProject
Project("{9A19103F-16F7-4668-BE54-9A1E7A4F7556}") = "Infrastructure.Jwt", "Infrastructure.Jwt\Infrastructure.Jwt.csproj", "{07E5C834-34A7-4C24-9D7C-50F1672EDE59}"
EndProject
Project("{2150E333-8FDC-42A3-9474-1A3956D46DE8}") = "test", "test", "{3588AD59-4B4B-4EED-8AB3-66967752B1B2}"
EndProject
Project("{9A19103F-16F7-4668-BE54-9A1E7A4F7556}") = "Test.Core.Application", "Test.Core.Application\Test.Core.Application.csproj", "{6AAD1C04-6C02-4C5E-8889-44EA28B8C998}"
EndProject
Project("{9A19103F-16F7-4668-BE54-9A1E7A4F7556}") = "Test.Infrastrure.Repositories", "Test.Infrastrure.Repositories\Test.Infrastrure.Repositories.csproj", "{36870F44-7FCD-4A6F-B478-839E9DE1B0A1}"
EndProject
Project("{9A19103F-16F7-4668-BE54-9A1E7A4F7556}") = "Infrastructure.Logging", "Infrastructure.Logging\Infrastructure.Logging.csproj", "{A8599529-2D7D-41EA-AA72-A4A96CA6EF4B}"
EndProject
Project("{9A19103F-16F7-4668-BE54-9A1E7A4F7556}") = "Test.Infrastructure.Logging", "Test.Infrastructure.Logging\Test.Infrastructure.Logging.csproj", "{2F992CE3-9AD6-4E6E-B5C9-11524C69E51E}"
EndProject
Project("{FAE04EC0-301F-11D3-BF4B-00C04F79EFBC}") = "Test.Host.CamAI.API", "Test.Host.CamAI.API\Test.Host.CamAI.API.csproj", "{9D9B41FB-7B25-487A-8E6F-EA448AC17106}"
EndProject
Global
	GlobalSection(SolutionConfigurationPlatforms) = preSolution
		Debug|Any CPU = Debug|Any CPU
		Release|Any CPU = Release|Any CPU
	EndGlobalSection
	GlobalSection(ProjectConfigurationPlatforms) = postSolution
		{5312DBE5-5F94-4DBA-B3CC-A4C57E0AE658}.Debug|Any CPU.ActiveCfg = Debug|Any CPU
		{5312DBE5-5F94-4DBA-B3CC-A4C57E0AE658}.Debug|Any CPU.Build.0 = Debug|Any CPU
		{5312DBE5-5F94-4DBA-B3CC-A4C57E0AE658}.Release|Any CPU.ActiveCfg = Release|Any CPU
		{5312DBE5-5F94-4DBA-B3CC-A4C57E0AE658}.Release|Any CPU.Build.0 = Release|Any CPU
		{ED048DD3-2718-415C-B72B-9C73E97C3668}.Debug|Any CPU.ActiveCfg = Debug|Any CPU
		{ED048DD3-2718-415C-B72B-9C73E97C3668}.Debug|Any CPU.Build.0 = Debug|Any CPU
		{ED048DD3-2718-415C-B72B-9C73E97C3668}.Release|Any CPU.ActiveCfg = Release|Any CPU
		{ED048DD3-2718-415C-B72B-9C73E97C3668}.Release|Any CPU.Build.0 = Release|Any CPU
		{EE9089C9-0301-4370-8E87-2F8FC1FBF668}.Debug|Any CPU.ActiveCfg = Debug|Any CPU
		{EE9089C9-0301-4370-8E87-2F8FC1FBF668}.Debug|Any CPU.Build.0 = Debug|Any CPU
		{EE9089C9-0301-4370-8E87-2F8FC1FBF668}.Release|Any CPU.ActiveCfg = Release|Any CPU
		{EE9089C9-0301-4370-8E87-2F8FC1FBF668}.Release|Any CPU.Build.0 = Release|Any CPU
		{9CC96C1A-3B42-4F58-9DFF-2660B82739DF}.Debug|Any CPU.ActiveCfg = Debug|Any CPU
		{9CC96C1A-3B42-4F58-9DFF-2660B82739DF}.Debug|Any CPU.Build.0 = Debug|Any CPU
		{9CC96C1A-3B42-4F58-9DFF-2660B82739DF}.Release|Any CPU.ActiveCfg = Release|Any CPU
		{9CC96C1A-3B42-4F58-9DFF-2660B82739DF}.Release|Any CPU.Build.0 = Release|Any CPU
		{07E5C834-34A7-4C24-9D7C-50F1672EDE59}.Debug|Any CPU.ActiveCfg = Debug|Any CPU
		{07E5C834-34A7-4C24-9D7C-50F1672EDE59}.Debug|Any CPU.Build.0 = Debug|Any CPU
		{07E5C834-34A7-4C24-9D7C-50F1672EDE59}.Release|Any CPU.ActiveCfg = Release|Any CPU
		{07E5C834-34A7-4C24-9D7C-50F1672EDE59}.Release|Any CPU.Build.0 = Release|Any CPU
		{6AAD1C04-6C02-4C5E-8889-44EA28B8C998}.Debug|Any CPU.ActiveCfg = Debug|Any CPU
		{6AAD1C04-6C02-4C5E-8889-44EA28B8C998}.Debug|Any CPU.Build.0 = Debug|Any CPU
		{6AAD1C04-6C02-4C5E-8889-44EA28B8C998}.Release|Any CPU.ActiveCfg = Release|Any CPU
		{6AAD1C04-6C02-4C5E-8889-44EA28B8C998}.Release|Any CPU.Build.0 = Release|Any CPU
		{36870F44-7FCD-4A6F-B478-839E9DE1B0A1}.Debug|Any CPU.ActiveCfg = Debug|Any CPU
		{36870F44-7FCD-4A6F-B478-839E9DE1B0A1}.Debug|Any CPU.Build.0 = Debug|Any CPU
		{36870F44-7FCD-4A6F-B478-839E9DE1B0A1}.Release|Any CPU.ActiveCfg = Release|Any CPU
		{36870F44-7FCD-4A6F-B478-839E9DE1B0A1}.Release|Any CPU.Build.0 = Release|Any CPU
		{A8599529-2D7D-41EA-AA72-A4A96CA6EF4B}.Debug|Any CPU.ActiveCfg = Debug|Any CPU
		{A8599529-2D7D-41EA-AA72-A4A96CA6EF4B}.Debug|Any CPU.Build.0 = Debug|Any CPU
		{A8599529-2D7D-41EA-AA72-A4A96CA6EF4B}.Release|Any CPU.ActiveCfg = Release|Any CPU
		{A8599529-2D7D-41EA-AA72-A4A96CA6EF4B}.Release|Any CPU.Build.0 = Release|Any CPU
		{2F992CE3-9AD6-4E6E-B5C9-11524C69E51E}.Debug|Any CPU.ActiveCfg = Debug|Any CPU
		{2F992CE3-9AD6-4E6E-B5C9-11524C69E51E}.Debug|Any CPU.Build.0 = Debug|Any CPU
		{2F992CE3-9AD6-4E6E-B5C9-11524C69E51E}.Release|Any CPU.ActiveCfg = Release|Any CPU
		{2F992CE3-9AD6-4E6E-B5C9-11524C69E51E}.Release|Any CPU.Build.0 = Release|Any CPU
		{9D9B41FB-7B25-487A-8E6F-EA448AC17106}.Debug|Any CPU.ActiveCfg = Debug|Any CPU
		{9D9B41FB-7B25-487A-8E6F-EA448AC17106}.Debug|Any CPU.Build.0 = Debug|Any CPU
		{9D9B41FB-7B25-487A-8E6F-EA448AC17106}.Release|Any CPU.ActiveCfg = Release|Any CPU
		{9D9B41FB-7B25-487A-8E6F-EA448AC17106}.Release|Any CPU.Build.0 = Release|Any CPU
	EndGlobalSection
	GlobalSection(SolutionProperties) = preSolution
		HideSolutionNode = FALSE
	EndGlobalSection
	GlobalSection(NestedProjects) = preSolution
		{5312DBE5-5F94-4DBA-B3CC-A4C57E0AE658} = {2EA3418E-6A29-4DA0-A7D9-996F53DE8B0F}
		{ED048DD3-2718-415C-B72B-9C73E97C3668} = {2EA3418E-6A29-4DA0-A7D9-996F53DE8B0F}
		{EE9089C9-0301-4370-8E87-2F8FC1FBF668} = {2EA3418E-6A29-4DA0-A7D9-996F53DE8B0F}
		{9CC96C1A-3B42-4F58-9DFF-2660B82739DF} = {2EA3418E-6A29-4DA0-A7D9-996F53DE8B0F}
		{07E5C834-34A7-4C24-9D7C-50F1672EDE59} = {2EA3418E-6A29-4DA0-A7D9-996F53DE8B0F}
		{6AAD1C04-6C02-4C5E-8889-44EA28B8C998} = {3588AD59-4B4B-4EED-8AB3-66967752B1B2}
		{36870F44-7FCD-4A6F-B478-839E9DE1B0A1} = {3588AD59-4B4B-4EED-8AB3-66967752B1B2}
		{A8599529-2D7D-41EA-AA72-A4A96CA6EF4B} = {2EA3418E-6A29-4DA0-A7D9-996F53DE8B0F}
		{2F992CE3-9AD6-4E6E-B5C9-11524C69E51E} = {3588AD59-4B4B-4EED-8AB3-66967752B1B2}
		{9D9B41FB-7B25-487A-8E6F-EA448AC17106} = {3588AD59-4B4B-4EED-8AB3-66967752B1B2}
	EndGlobalSection
	GlobalSection(ExtensibilityGlobals) = postSolution
		SolutionGuid = {2B457EE3-B8DB-4C93-B833-87772D34BADD}
	EndGlobalSection
EndGlobal
